{
  "requires": true,
  "lockfileVersion": 1,
  "dependencies": {
    "@types/whatwg-fetch": {
      "version": "0.0.33",
      "resolved": "https://registry.npmjs.org/@types/whatwg-fetch/-/whatwg-fetch-0.0.33.tgz",
      "integrity": "sha1-GcDShjyMsjgPIaHHNrecv3iVuxM=",
      "requires": {
        "@types/whatwg-streams": "*"
      }
    },
    "@types/whatwg-streams": {
      "version": "0.0.7",
      "resolved": "https://registry.npmjs.org/@types/whatwg-streams/-/whatwg-streams-0.0.7.tgz",
      "integrity": "sha512-6sDiSEP6DWcY2ZolsJ2s39ZmsoGQ7KVwBDI3sESQsEm9P2dHTcqnDIHRZFRNtLCzWp7hCFGqYbw5GyfpQnJ01A=="
    }
  }
}
